// !$*UTF8*$!
{
	archiveVersion = 1;
	classes = {
	};
	objectVersion = 50;
	objects = {

/* Begin PBXBuildFile section */
		9AD8CF2023196CBF001C8BCF /* AppDelegate.swift in Sources */ = {isa = PBXBuildFile; fileRef = 9AD8CF1F23196CBF001C8BCF /* AppDelegate.swift */; };
		9AD8CF2223196CBF001C8BCF /* ViewController.swift in Sources */ = {isa = PBXBuildFile; fileRef = 9AD8CF2123196CBF001C8BCF /* ViewController.swift */; };
		9AD8CF2523196CBF001C8BCF /* Main.storyboard in Resources */ = {isa = PBXBuildFile; fileRef = 9AD8CF2323196CBF001C8BCF /* Main.storyboard */; };
		9AD8CF2823196CBF001C8BCF /* Hello_World.xcdatamodeld in Sources */ = {isa = PBXBuildFile; fileRef = 9AD8CF2623196CBF001C8BCF /* Hello_World.xcdatamodeld */; };
		9AD8CF2A23196CC0001C8BCF /* Assets.xcassets in Resources */ = {isa = PBXBuildFile; fileRef = 9AD8CF2923196CC0001C8BCF /* Assets.xcassets */; };
		9AD8CF2D23196CC0001C8BCF /* LaunchScreen.storyboard in Resources */ = {isa = PBXBuildFile; fileRef = 9AD8CF2B23196CC0001C8BCF /* LaunchScreen.storyboard */; };
		9AD8CF3823196CC1001C8BCF /* Hello_WorldUITests.swift in Sources */ = {isa = PBXBuildFile; fileRef = 9AD8CF3723196CC1001C8BCF /* Hello_WorldUITests.swift */; };
/* End PBXBuildFile section */

/* Begin PBXContainerItemProxy section */
		9AD8CF3423196CC1001C8BCF /* PBXContainerItemProxy */ = {
			isa = PBXContainerItemProxy;
			containerPortal = 9AD8CF1423196CBF001C8BCF /* Project object */;
			proxyType = 1;
			remoteGlobalIDString = 9AD8CF1B23196CBF001C8BCF;
			remoteInfo = "Hello World";
		};
/* End PBXContainerItemProxy section */

/* Begin PBXFileReference section */
		9AD8CF1C23196CBF001C8BCF /* Hello World.app */ = {isa = PBXFileReference; explicitFileType = wrapper.application; includeInIndex = 0; path = "Hello World.app"; sourceTree = BUILT_PRODUCTS_DIR; };
		9AD8CF1F23196CBF001C8BCF /* AppDelegate.swift */ = {isa = PBXFileReference; lastKnownFileType = sourcecode.swift; path = AppDelegate.swift; sourceTree = "<group>"; };
		9AD8CF2123196CBF001C8BCF /* ViewController.swift */ = {isa = PBXFileReference; lastKnownFileType = sourcecode.swift; path = ViewController.swift; sourceTree = "<group>"; };
		9AD8CF2423196CBF001C8BCF /* Base */ = {isa = PBXFileReference; lastKnownFileType = file.storyboard; name = Base; path = Base.lproj/Main.storyboard; sourceTree = "<group>"; };
		9AD8CF2723196CBF001C8BCF /* Hello_World.xcdatamodel */ = {isa = PBXFileReference; lastKnownFileType = wrapper.xcdatamodel; path = Hello_World.xcdatamodel; sourceTree = "<group>"; };
		9AD8CF2923196CC0001C8BCF /* Assets.xcassets */ = {isa = PBXFileReference; lastKnownFileType = folder.assetcatalog; path = Assets.xcassets; sourceTree = "<group>"; };
		9AD8CF2C23196CC0001C8BCF /* Base */ = {isa = PBXFileReference; lastKnownFileType = file.storyboard; name = Base; path = Base.lproj/LaunchScreen.storyboard; sourceTree = "<group>"; };
		9AD8CF2E23196CC0001C8BCF /* Info.plist */ = {isa = PBXFileReference; lastKnownFileType = text.plist.xml; path = Info.plist; sourceTree = "<group>"; };
		9AD8CF3323196CC1001C8BCF /* Hello WorldUITests.xctest */ = {isa = PBXFileReference; explicitFileType = wrapper.cfbundle; includeInIndex = 0; path = "Hello WorldUITests.xctest"; sourceTree = BUILT_PRODUCTS_DIR; };
		9AD8CF3723196CC1001C8BCF /* Hello_WorldUITests.swift */ = {isa = PBXFileReference; lastKnownFileType = sourcecode.swift; path = Hello_WorldUITests.swift; sourceTree = "<group>"; };
		9AD8CF3923196CC1001C8BCF /* Info.plist */ = {isa = PBXFileReference; lastKnownFileType = text.plist.xml; path = Info.plist; sourceTree = "<group>"; };
/* End PBXFileReference section */

/* Begin PBXFrameworksBuildPhase section */
		9AD8CF1923196CBF001C8BCF /* Frameworks */ = {
			isa = PBXFrameworksBuildPhase;
			buildActionMask = 2147483647;
			files = (
			);
			runOnlyForDeploymentPostprocessing = 0;
		};
		9AD8CF3023196CC1001C8BCF /* Frameworks */ = {
			isa = PBXFrameworksBuildPhase;
			buildActionMask = 2147483647;
			files = (
			);
			runOnlyForDeploymentPostprocessing = 0;
		};
/* End PBXFrameworksBuildPhase section */

/* Begin PBXGroup section */
		9AD8CF1323196CBF001C8BCF = {
			isa = PBXGroup;
			children = (
				9AD8CF1E23196CBF001C8BCF /* Hello World */,
				9AD8CF3623196CC1001C8BCF /* Hello WorldUITests */,
				9AD8CF1D23196CBF001C8BCF /* Products */,
			);
			sourceTree = "<group>";
		};
		9AD8CF1D23196CBF001C8BCF /* Products */ = {
			isa = PBXGroup;
			children = (
				9AD8CF1C23196CBF001C8BCF /* Hello World.app */,
				9AD8CF3323196CC1001C8BCF /* Hello WorldUITests.xctest */,
			);
			name = Products;
			sourceTree = "<group>";
		};
		9AD8CF1E23196CBF001C8BCF /* Hello World */ = {
			isa = PBXGroup;
			children = (
				9AD8CF1F23196CBF001C8BCF /* AppDelegate.swift */,
				9AD8CF2123196CBF001C8BCF /* ViewController.swift */,
				9AD8CF2323196CBF001C8BCF /* Main.storyboard */,
				9AD8CF2923196CC0001C8BCF /* Assets.xcassets */,
				9AD8CF2B23196CC0001C8BCF /* LaunchScreen.storyboard */,
				9AD8CF2E23196CC0001C8BCF /* Info.plist */,
				9AD8CF2623196CBF001C8BCF /* Hello_World.xcdatamodeld */,
			);
			path = "Hello World";
			sourceTree = "<group>";
		};
		9AD8CF3623196CC1001C8BCF /* Hello WorldUITests */ = {
			isa = PBXGroup;
			children = (
				9AD8CF3723196CC1001C8BCF /* Hello_WorldUITests.swift */,
				9AD8CF3923196CC1001C8BCF /* Info.plist */,
			);
			path = "Hello WorldUITests";
			sourceTree = "<group>";
		};
/* End PBXGroup section */

/* Begin PBXNativeTarget section */
		9AD8CF1B23196CBF001C8BCF /* Hello World */ = {
			isa = PBXNativeTarget;
			buildConfigurationList = 9AD8CF3C23196CC1001C8BCF /* Build configuration list for PBXNativeTarget "Hello World" */;
			buildPhases = (
				9AD8CF1823196CBF001C8BCF /* Sources */,
				9AD8CF1923196CBF001C8BCF /* Frameworks */,
				9AD8CF1A23196CBF001C8BCF /* Resources */,
			);
			buildRules = (
			);
			dependencies = (
			);
			name = "Hello World";
			productName = "Hello World";
			productReference = 9AD8CF1C23196CBF001C8BCF /* Hello World.app */;
			productType = "com.apple.product-type.application";
		};
		9AD8CF3223196CC1001C8BCF /* Hello WorldUITests */ = {
			isa = PBXNativeTarget;
			buildConfigurationList = 9AD8CF3F23196CC1001C8BCF /* Build configuration list for PBXNativeTarget "Hello WorldUITests" */;
			buildPhases = (
				9AD8CF2F23196CC1001C8BCF /* Sources */,
				9AD8CF3023196CC1001C8BCF /* Frameworks */,
				9AD8CF3123196CC1001C8BCF /* Resources */,
			);
			buildRules = (
			);
			dependencies = (
				9AD8CF3523196CC1001C8BCF /* PBXTargetDependency */,
			);
			name = "Hello WorldUITests";
			productName = "Hello WorldUITests";
			productReference = 9AD8CF3323196CC1001C8BCF /* Hello WorldUITests.xctest */;
			productType = "com.apple.product-type.bundle.ui-testing";
		};
/* End PBXNativeTarget section */

/* Begin PBXProject section */
		9AD8CF1423196CBF001C8BCF /* Project object */ = {
			isa = PBXProject;
			attributes = {
				LastSwiftUpdateCheck = 1030;
				LastUpgradeCheck = 1030;
				ORGANIZATIONNAME = "Grant Harrison";
				TargetAttributes = {
					9AD8CF1B23196CBF001C8BCF = {
						CreatedOnToolsVersion = 10.3;
					};
					9AD8CF3223196CC1001C8BCF = {
						CreatedOnToolsVersion = 10.3;
						TestTargetID = 9AD8CF1B23196CBF001C8BCF;
					};
				};
			};
			buildConfigurationList = 9AD8CF1723196CBF001C8BCF /* Build configuration list for PBXProject "Hello World" */;
			compatibilityVersion = "Xcode 9.3";
			developmentRegion = en;
			hasScannedForEncodings = 0;
			knownRegions = (
				en,
				Base,
			);
			mainGroup = 9AD8CF1323196CBF001C8BCF;
			productRefGroup = 9AD8CF1D23196CBF001C8BCF /* Products */;
			projectDirPath = "";
			projectRoot = "";
			targets = (
				9AD8CF1B23196CBF001C8BCF /* Hello World */,
				9AD8CF3223196CC1001C8BCF /* Hello WorldUITests */,
			);
		};
/* End PBXProject section */

/* Begin PBXResourcesBuildPhase section */
		9AD8CF1A23196CBF001C8BCF /* Resources */ = {
			isa = PBXResourcesBuildPhase;
			buildActionMask = 2147483647;
			files = (
				9AD8CF2D23196CC0001C8BCF /* LaunchScreen.storyboard in Resources */,
				9AD8CF2A23196CC0001C8BCF /* Assets.xcassets in Resources */,
				9AD8CF2523196CBF001C8BCF /* Main.storyboard in Resources */,
			);
			runOnlyForDeploymentPostprocessing = 0;
		};
		9AD8CF3123196CC1001C8BCF /* Resources */ = {
			isa = PBXResourcesBuildPhase;
			buildActionMask = 2147483647;
			files = (
			);
			runOnlyForDeploymentPostprocessing = 0;
		};
/* End PBXResourcesBuildPhase section */

/* Begin PBXSourcesBuildPhase section */
		9AD8CF1823196CBF001C8BCF /* Sources */ = {
			isa = PBXSourcesBuildPhase;
			buildActionMask = 2147483647;
			files = (
				9AD8CF2823196CBF001C8BCF /* Hello_World.xcdatamodeld in Sources */,
				9AD8CF2223196CBF001C8BCF /* ViewController.swift in Sources */,
				9AD8CF2023196CBF001C8BCF /* AppDelegate.swift in Sources */,
			);
			runOnlyForDeploymentPostprocessing = 0;
		};
		9AD8CF2F23196CC1001C8BCF /* Sources */ = {
			isa = PBXSourcesBuildPhase;
			buildActionMask = 2147483647;
			files = (
				9AD8CF3823196CC1001C8BCF /* Hello_WorldUITests.swift in Sources */,
			);
			runOnlyForDeploymentPostprocessing = 0;
		};
/* End PBXSourcesBuildPhase section */

/* Begin PBXTargetDependency section */
		9AD8CF3523196CC1001C8BCF /* PBXTargetDependency */ = {
			isa = PBXTargetDependency;
			target = 9AD8CF1B23196CBF001C8BCF /* Hello World */;
			targetProxy = 9AD8CF3423196CC1001C8BCF /* PBXContainerItemProxy */;
		};
/* End PBXTargetDependency section */

/* Begin PBXVariantGroup section */
		9AD8CF2323196CBF001C8BCF /* Main.storyboard */ = {
			isa = PBXVariantGroup;
			children = (
				9AD8CF2423196CBF001C8BCF /* Base */,
			);
			name = Main.storyboard;
			sourceTree = "<group>";
		};
		9AD8CF2B23196CC0001C8BCF /* LaunchScreen.storyboard */ = {
			isa = PBXVariantGroup;
			children = (
				9AD8CF2C23196CC0001C8BCF /* Base */,
			);
			name = LaunchScreen.storyboard;
			sourceTree = "<group>";
		};
/* End PBXVariantGroup section */

/* Begin XCBuildConfiguration section */
		9AD8CF3A23196CC1001C8BCF /* Debug */ = {
			isa = XCBuildConfiguration;
			buildSettings = {
				ALWAYS_SEARCH_USER_PATHS = NO;
				CLANG_ANALYZER_NONNULL = YES;
				CLANG_ANALYZER_NUMBER_OBJECT_CONVERSION = YES_AGGRESSIVE;
				CLANG_CXX_LANGUAGE_STANDARD = "gnu++14";
				CLANG_CXX_LIBRARY = "libc++";
				CLANG_ENABLE_MODULES = YES;
				CLANG_ENABLE_OBJC_ARC = YES;
				CLANG_ENABLE_OBJC_WEAK = YES;
				CLANG_WARN_BLOCK_CAPTURE_AUTORELEASING = YES;
				CLANG_WARN_BOOL_CONVERSION = YES;
				CLANG_WARN_COMMA = YES;
				CLANG_WARN_CONSTANT_CONVERSION = YES;
				CLANG_WARN_DEPRECATED_OBJC_IMPLEMENTATIONS = YES;
				CLANG_WARN_DIRECT_OBJC_ISA_USAGE = YES_ERROR;
				CLANG_WARN_DOCUMENTATION_COMMENTS = YES;
				CLANG_WARN_EMPTY_BODY = YES;
				CLANG_WARN_ENUM_CONVERSION = YES;
				CLANG_WARN_INFINITE_RECURSION = YES;
				CLANG_WARN_INT_CONVERSION = YES;
				CLANG_WARN_NON_LITERAL_NULL_CONVERSION = YES;
				CLANG_WARN_OBJC_IMPLICIT_RETAIN_SELF = YES;
				CLANG_WARN_OBJC_LITERAL_CONVERSION = YES;
				CLANG_WARN_OBJC_ROOT_CLASS = YES_ERROR;
				CLANG_WARN_RANGE_LOOP_ANALYSIS = YES;
				CLANG_WARN_STRICT_PROTOTYPES = YES;
				CLANG_WARN_SUSPICIOUS_MOVE = YES;
				CLANG_WARN_UNGUARDED_AVAILABILITY = YES_AGGRESSIVE;
				CLANG_WARN_UNREACHABLE_CODE = YES;
				CLANG_WARN__DUPLICATE_METHOD_MATCH = YES;
				CODE_SIGN_IDENTITY = "iPhone Developer";
				COPY_PHASE_STRIP = NO;
				DEBUG_INFORMATION_FORMAT = dwarf;
				ENABLE_STRICT_OBJC_MSGSEND = YES;
				ENABLE_TESTABILITY = YES;
				GCC_C_LANGUAGE_STANDARD = gnu11;
				GCC_DYNAMIC_NO_PIC = NO;
				GCC_NO_COMMON_BLOCKS = YES;
				GCC_OPTIMIZATION_LEVEL = 0;
				GCC_PREPROCESSOR_DEFINITIONS = (
					"DEBUG=1",
					"$(inherited)",
				);
				GCC_WARN_64_TO_32_BIT_CONVERSION = YES;
				GCC_WARN_ABOUT_RETURN_TYPE = YES_ERROR;
				GCC_WARN_UNDECLARED_SELECTOR = YES;
				GCC_WARN_UNINITIALIZED_AUTOS = YES_AGGRESSIVE;
				GCC_WARN_UNUSED_FUNCTION = YES;
				GCC_WARN_UNUSED_VARIABLE = YES;
				IPHONEOS_DEPLOYMENT_TARGET = 12.4;
				MTL_ENABLE_DEBUG_INFO = INCLUDE_SOURCE;
				MTL_FAST_MATH = YES;
				ONLY_ACTIVE_ARCH = YES;
				SDKROOT = iphoneos;
				SWIFT_ACTIVE_COMPILATION_CONDITIONS = DEBUG;
				SWIFT_OPTIMIZATION_LEVEL = "-Onone";
			};
			name = Debug;
		};
		9AD8CF3B23196CC1001C8BCF /* Release */ = {
			isa = XCBuildConfiguration;
			buildSettings = {
				ALWAYS_SEARCH_USER_PATHS = NO;
				CLANG_ANALYZER_NONNULL = YES;
				CLANG_ANALYZER_NUMBER_OBJECT_CONVERSION = YES_AGGRESSIVE;
				CLANG_CXX_LANGUAGE_STANDARD = "gnu++14";
				CLANG_CXX_LIBRARY = "libc++";
				CLANG_ENABLE_MODULES = YES;
				CLANG_ENABLE_OBJC_ARC = YES;
				CLANG_ENABLE_OBJC_WEAK = YES;
				CLANG_WARN_BLOCK_CAPTURE_AUTORELEASING = YES;
				CLANG_WARN_BOOL_CONVERSION = YES;
				CLANG_WARN_COMMA = YES;
				CLANG_WARN_CONSTANT_CONVERSION = YES;
				CLANG_WARN_DEPRECATED_OBJC_IMPLEMENTATIONS = YES;
				CLANG_WARN_DIRECT_OBJC_ISA_USAGE = YES_ERROR;
				CLANG_WARN_DOCUMENTATION_COMMENTS = YES;
				CLANG_WARN_EMPTY_BODY = YES;
				CLANG_WARN_ENUM_CONVERSION = YES;
				CLANG_WARN_INFINITE_RECURSION = YES;
				CLANG_WARN_INT_CONVERSION = YES;
				CLANG_WARN_NON_LITERAL_NULL_CONVERSION = YES;
				CLANG_WARN_OBJC_IMPLICIT_RETAIN_SELF = YES;
				CLANG_WARN_OBJC_LITERAL_CONVERSION = YES;
				CLANG_WARN_OBJC_ROOT_CLASS = YES_ERROR;
				CLANG_WARN_RANGE_LOOP_ANALYSIS = YES;
				CLANG_WARN_STRICT_PROTOTYPES = YES;
				CLANG_WARN_SUSPICIOUS_MOVE = YES;
				CLANG_WARN_UNGUARDED_AVAILABILITY = YES_AGGRESSIVE;
				CLANG_WARN_UNREACHABLE_CODE = YES;
				CLANG_WARN__DUPLICATE_METHOD_MATCH = YES;
				CODE_SIGN_IDENTITY = "iPhone Developer";
				COPY_PHASE_STRIP = NO;
				DEBUG_INFORMATION_FORMAT = "dwarf-with-dsym";
				ENABLE_NS_ASSERTIONS = NO;
				ENABLE_STRICT_OBJC_MSGSEND = YES;
				GCC_C_LANGUAGE_STANDARD = gnu11;
				GCC_NO_COMMON_BLOCKS = YES;
				GCC_WARN_64_TO_32_BIT_CONVERSION = YES;
				GCC_WARN_ABOUT_RETURN_TYPE = YES_ERROR;
				GCC_WARN_UNDECLARED_SELECTOR = YES;
				GCC_WARN_UNINITIALIZED_AUTOS = YES_AGGRESSIVE;
				GCC_WARN_UNUSED_FUNCTION = YES;
				GCC_WARN_UNUSED_VARIABLE = YES;
				IPHONEOS_DEPLOYMENT_TARGET = 12.4;
				MTL_ENABLE_DEBUG_INFO = NO;
				MTL_FAST_MATH = YES;
				SDKROOT = iphoneos;
				SWIFT_COMPILATION_MODE = wholemodule;
				SWIFT_OPTIMIZATION_LEVEL = "-O";
				VALIDATE_PRODUCT = YES;
			};
			name = Release;
		};
		9AD8CF3D23196CC1001C8BCF /* Debug */ = {
			isa = XCBuildConfiguration;
			buildSettings = {
				ASSETCATALOG_COMPILER_APPICON_NAME = AppIcon;
				CODE_SIGN_STYLE = Automatic;
				DEVELOPMENT_TEAM = 3T3T8J4T3X;
				INFOPLIST_FILE = "Hello World/Info.plist";
				LD_RUNPATH_SEARCH_PATHS = (
					"$(inherited)",
					"@executable_path/Frameworks",
				);
				PRODUCT_BUNDLE_IDENTIFIER = "com.grantharrison.Hello-World";
				PRODUCT_NAME = "$(TARGET_NAME)";
				SWIFT_VERSION = 5.0;
				TARGETED_DEVICE_FAMILY = "1,2";
			};
			name = Debug;
		};
		9AD8CF3E23196CC1001C8BCF /* Release */ = {
			isa = XCBuildConfiguration;
			buildSettings = {
				ASSETCATALOG_COMPILER_APPICON_NAME = AppIcon;
				CODE_SIGN_STYLE = Automatic;
				DEVELOPMENT_TEAM = 3T3T8J4T3X;
				INFOPLIST_FILE = "Hello World/Info.plist";
				LD_RUNPATH_SEARCH_PATHS = (
					"$(inherited)",
					"@executable_path/Frameworks",
				);
				PRODUCT_BUNDLE_IDENTIFIER = "com.grantharrison.Hello-World";
				PRODUCT_NAME = "$(TARGET_NAME)";
				SWIFT_VERSION = 5.0;
				TARGETED_DEVICE_FAMILY = "1,2";
			};
			name = Release;
		};
		9AD8CF4023196CC1001C8BCF /* Debug */ = {
			isa = XCBuildConfiguration;
			buildSettings = {
				ALWAYS_EMBED_SWIFT_STANDARD_LIBRARIES = YES;
				CODE_SIGN_STYLE = Automatic;
				DEVELOPMENT_TEAM = 3T3T8J4T3X;
				INFOPLIST_FILE = "Hello WorldUITests/Info.plist";
				LD_RUNPATH_SEARCH_PATHS = (
					"$(inherited)",
					"@executable_path/Frameworks",
					"@loader_path/Frameworks",
				);
				PRODUCT_BUNDLE_IDENTIFIER = "com.grantharrison.Hello-WorldUITests";
				PRODUCT_NAME = "$(TARGET_NAME)";
				SWIFT_VERSION = 5.0;
				TARGETED_DEVICE_FAMILY = "1,2";
				TEST_TARGET_NAME = "Hello World";
			};
			name = Debug;
		};
		9AD8CF4123196CC1001C8BCF /* Release */ = {
			isa = XCBuildConfiguration;
			buildSettings = {
				ALWAYS_EMBED_SWIFT_STANDARD_LIBRARIES = YES;
				CODE_SIGN_STYLE = Automatic;
				DEVELOPMENT_TEAM = 3T3T8J4T3X;
				INFOPLIST_FILE = "Hello WorldUITests/Info.plist";
				LD_RUNPATH_SEARCH_PATHS = (
					"$(inherited)",
					"@executable_path/Frameworks",
					"@loader_path/Frameworks",
				);
				PRODUCT_BUNDLE_IDENTIFIER = "com.grantharrison.Hello-WorldUITests";
				PRODUCT_NAME = "$(TARGET_NAME)";
				SWIFT_VERSION = 5.0;
				TARGETED_DEVICE_FAMILY = "1,2";
				TEST_TARGET_NAME = "Hello World";
			};
			name = Release;
		};
/* End XCBuildConfiguration section */

/* Begin XCConfigurationList section */
		9AD8CF1723196CBF001C8BCF /* Build configuration list for PBXProject "Hello World" */ = {
			isa = XCConfigurationList;
			buildConfigurations = (
				9AD8CF3A23196CC1001C8BCF /* Debug */,
				9AD8CF3B23196CC1001C8BCF /* Release */,
			);
			defaultConfigurationIsVisible = 0;
			defaultConfigurationName = Release;
		};
		9AD8CF3C23196CC1001C8BCF /* Build configuration list for PBXNativeTarget "Hello World" */ = {
			isa = XCConfigurationList;
			buildConfigurations = (
				9AD8CF3D23196CC1001C8BCF /* Debug */,
				9AD8CF3E23196CC1001C8BCF /* Release */,
			);
			defaultConfigurationIsVisible = 0;
			defaultConfigurationName = Release;
		};
		9AD8CF3F23196CC1001C8BCF /* Build configuration list for PBXNativeTarget "Hello WorldUITests" */ = {
			isa = XCConfigurationList;
			buildConfigurations = (
				9AD8CF4023196CC1001C8BCF /* Debug */,
				9AD8CF4123196CC1001C8BCF /* Release */,
			);
			defaultConfigurationIsVisible = 0;
			defaultConfigurationName = Release;
		};
/* End XCConfigurationList section */

/* Begin XCVersionGroup section */
		9AD8CF2623196CBF001C8BCF /* Hello_World.xcdatamodeld */ = {
			isa = XCVersionGroup;
			children = (
				9AD8CF2723196CBF001C8BCF /* Hello_World.xcdatamodel */,
			);
			currentVersion = 9AD8CF2723196CBF001C8BCF /* Hello_World.xcdatamodel */;
			path = Hello_World.xcdatamodeld;
			sourceTree = "<group>";
			versionGroupType = wrapper.xcdatamodel;
		};
/* End XCVersionGroup section */
	};
	rootObject = 9AD8CF1423196CBF001C8BCF /* Project object */;
}
